{
  "originHash" : "b9b7cbd9b66de126040788563aa7fbb6461380289193110e1e15fbc23496aff6",
  "pins" : [
    {
      "identity" : "sparkle",
      "kind" : "remoteSourceControl",
      "location" : "https://github.com/sparkle-project/Sparkle.git",
      "state" : {
        "revision" : "0a4caaf7a81eea2cece651ef4b17331fa0634dff",
        "version" : "2.6.0"
      }
    }
  ],
  "version" : 3
}
